
Microsoft Visual Studio Solution File, Format Version 12.00
# Visual Studio Version 17
VisualStudioVersion = 17.6.33723.286
MinimumVisualStudioVersion = 10.0.40219.1
Project("{FAE04EC0-301F-11D3-BF4B-00C04F79EFBC}") = "PhoonBook", "PhoonBook.csproj", "{24D9E6DD-1F31-4110-A50E-2BA2B16D9BBB}"
EndProject
Global
	GlobalSection(SolutionConfigurationPlatforms) = preSolution
		Debug|Any CPU = Debug|Any CPU
		Release|Any CPU = Release|Any CPU
	EndGlobalSection
	GlobalSection(ProjectConfigurationPlatforms) = postSolution
		{24D9E6DD-1F31-4110-A50E-2BA2B16D9BBB}.Debug|Any CPU.ActiveCfg = Debug|Any CPU
		{24D9E6DD-1F31-4110-A50E-2BA2B16D9BBB}.Debug|Any CPU.Build.0 = Debug|Any CPU
		{24D9E6DD-1F31-4110-A50E-2BA2B16D9BBB}.Release|Any CPU.ActiveCfg = Release|Any CPU
		{24D9E6DD-1F31-4110-A50E-2BA2B16D9BBB}.Release|Any CPU.Build.0 = Release|Any CPU
	EndGlobalSection
	GlobalSection(SolutionProperties) = preSolution
		HideSolutionNode = FALSE
	EndGlobalSection
	GlobalSection(ExtensibilityGlobals) = postSolution
		SolutionGuid = {F691D02E-39AF-413C-A298-0E4CD5558C08}
	EndGlobalSection
EndGlobal
